
Microsoft Visual Studio Solution File, Format Version 12.00
# Visual Studio Version 16
VisualStudioVersion = 16.0.30523.141
MinimumVisualStudioVersion = 10.0.40219.1
Project("{FAE04EC0-301F-11D3-BF4B-00C04F79EFBC}") = "RulesPattern", "RulesPattern\RulesPattern.csproj", "{8BB33866-728A-4288-A467-52EA510C871D}"
EndProject
Global
	GlobalSection(SolutionConfigurationPlatforms) = preSolution
		Debug|Any CPU = Debug|Any CPU
		Release|Any CPU = Release|Any CPU
	EndGlobalSection
	GlobalSection(ProjectConfigurationPlatforms) = postSolution
		{8BB33866-728A-4288-A467-52EA510C871D}.Debug|Any CPU.ActiveCfg = Debug|Any CPU
		{8BB33866-728A-4288-A467-52EA510C871D}.Debug|Any CPU.Build.0 = Debug|Any CPU
		{8BB33866-728A-4288-A467-52EA510C871D}.Release|Any CPU.ActiveCfg = Release|Any CPU
		{8BB33866-728A-4288-A467-52EA510C871D}.Release|Any CPU.Build.0 = Release|Any CPU
	EndGlobalSection
	GlobalSection(SolutionProperties) = preSolution
		HideSolutionNode = FALSE
	EndGlobalSection
	GlobalSection(ExtensibilityGlobals) = postSolution
		SolutionGuid = {CFF4597F-13FB-42DA-A070-A2F477AE42C8}
	EndGlobalSection
EndGlobal
